// !$*UTF8*$!
{
	archiveVersion = 1;
	classes = {
	};
	objectVersion = 77;
	objects = {

/* Begin PBXBuildFile section */
		8A1D21272F17BC8F005F38CB /* sharedKit.xcframework in Frameworks */ = {isa = PBXBuildFile; fileRef = 8A1D21242F17BC70005F38CB /* sharedKit.xcframework */; };
		8A1D21282F17BC8F005F38CB /* sharedKit.xcframework in Embed Frameworks */ = {isa = PBXBuildFile; fileRef = 8A1D21242F17BC70005F38CB /* sharedKit.xcframework */; settings = {ATTRIBUTES = (CodeSignOnCopy, RemoveHeadersOnCopy, ); }; };
		8AA64C292EF03A75003B26D2 /* KmpFix.xcconfig in Resources */ = {isa = PBXBuildFile; fileRef = 8AA64C282EF03A75003B26D2 /* KmpFix.xcconfig */; };
/* End PBXBuildFile section */

/* Begin PBXContainerItemProxy section */
		8AA64BFE2EF02BD2003B26D2 /* PBXContainerItemProxy */ = {
			isa = PBXContainerItemProxy;
			containerPortal = 8AA64BE72EF02BD1003B26D2 /* Project object */;
			proxyType = 1;
			remoteGlobalIDString = 8AA64BEE2EF02BD1003B26D2;
			remoteInfo = iosApp;
		};
		8AA64C082EF02BD2003B26D2 /* PBXContainerItemProxy */ = {
			isa = PBXContainerItemProxy;
			containerPortal = 8AA64BE72EF02BD1003B26D2 /* Project object */;
			proxyType = 1;
			remoteGlobalIDString = 8AA64BEE2EF02BD1003B26D2;
			remoteInfo = iosApp;
		};
/* End PBXContainerItemProxy section */

/* Begin PBXCopyFilesBuildPhase section */
		8A1D21292F17BC8F005F38CB /* Embed Frameworks */ = {
			isa = PBXCopyFilesBuildPhase;
			buildActionMask = 2147483647;
			dstPath = "";
			dstSubfolderSpec = 10;
			files = (
				8A1D21282F17BC8F005F38CB /* sharedKit.xcframework in Embed Frameworks */,
			);
			name = "Embed Frameworks";
			runOnlyForDeploymentPostprocessing = 0;
		};
/* End PBXCopyFilesBuildPhase section */

/* Begin PBXFileReference section */
		8A1D21242F17BC70005F38CB /* sharedKit.xcframework */ = {isa = PBXFileReference; lastKnownFileType = wrapper.xcframework; path = sharedKit.xcframework; sourceTree = "<group>"; };
		8A51DB6D2EF29A4900014350 /* sharedKit.xcframework */ = {isa = PBXFileReference; lastKnownFileType = wrapper.xcframework; path = sharedKit.xcframework; sourceTree = "<group>"; };
		8A51DB6F2EF29A4900014350 /* sharedKit.xcframework */ = {isa = PBXFileReference; lastKnownFileType = wrapper.xcframework; path = sharedKit.xcframework; sourceTree = "<group>"; };
		8AA64BEF2EF02BD1003B26D2 /* iosApp.app */ = {isa = PBXFileReference; explicitFileType = wrapper.application; includeInIndex = 0; path = iosApp.app; sourceTree = BUILT_PRODUCTS_DIR; };
		8AA64BFD2EF02BD2003B26D2 /* iosAppTests.xctest */ = {isa = PBXFileReference; explicitFileType = wrapper.cfbundle; includeInIndex = 0; path = iosAppTests.xctest; sourceTree = BUILT_PRODUCTS_DIR; };
		8AA64C072EF02BD2003B26D2 /* iosAppUITests.xctest */ = {isa = PBXFileReference; explicitFileType = wrapper.cfbundle; includeInIndex = 0; path = iosAppUITests.xctest; sourceTree = BUILT_PRODUCTS_DIR; };
		8AA64C282EF03A75003B26D2 /* KmpFix.xcconfig */ = {isa = PBXFileReference; lastKnownFileType = text.xcconfig; path = KmpFix.xcconfig; sourceTree = "<group>"; };
/* End PBXFileReference section */

/* Begin PBXFileSystemSynchronizedRootGroup section */
		8AA64BF12EF02BD1003B26D2 /* iosApp */ = {
			isa = PBXFileSystemSynchronizedRootGroup;
			path = iosApp;
			sourceTree = "<group>";
		};
		8AA64C002EF02BD2003B26D2 /* iosAppTests */ = {
			isa = PBXFileSystemSynchronizedRootGroup;
			path = iosAppTests;
			sourceTree = "<group>";
		};
		8AA64C0A2EF02BD2003B26D2 /* iosAppUITests */ = {
			isa = PBXFileSystemSynchronizedRootGroup;
			path = iosAppUITests;
			sourceTree = "<group>";
		};
/* End PBXFileSystemSynchronizedRootGroup section */

/* Begin PBXFrameworksBuildPhase section */
		8AA64BEC2EF02BD1003B26D2 /* Frameworks */ = {
			isa = PBXFrameworksBuildPhase;
			buildActionMask = 2147483647;
			files = (
				8A1D21272F17BC8F005F38CB /* sharedKit.xcframework in Frameworks */,
			);
			runOnlyForDeploymentPostprocessing = 0;
		};
		8AA64BFA2EF02BD2003B26D2 /* Frameworks */ = {
			isa = PBXFrameworksBuildPhase;
			buildActionMask = 2147483647;
			files = (
			);
			runOnlyForDeploymentPostprocessing = 0;
		};
		8AA64C042EF02BD2003B26D2 /* Frameworks */ = {
			isa = PBXFrameworksBuildPhase;
			buildActionMask = 2147483647;
			files = (
			);
			runOnlyForDeploymentPostprocessing = 0;
		};
/* End PBXFrameworksBuildPhase section */

/* Begin PBXGroup section */
		8A1D21252F17BC70005F38CB /* release */ = {
			isa = PBXGroup;
			children = (
				8A1D21242F17BC70005F38CB /* sharedKit.xcframework */,
			);
			path = release;
			sourceTree = "<group>";
		};
		8A1D21262F17BC70005F38CB /* XCFrameworks */ = {
			isa = PBXGroup;
			children = (
				8A1D21252F17BC70005F38CB /* release */,
			);
			name = XCFrameworks;
			path = ../shared/build/XCFrameworks;
			sourceTree = "<group>";
		};
		8A51DB6C2EF29A4900014350 /* Frameworks */ = {
			isa = PBXGroup;
			children = (
				8A1D21262F17BC70005F38CB /* XCFrameworks */,
				8A51DB712EF29A4900014350 /* XCFrameworks */,
			);
			name = Frameworks;
			sourceTree = "<group>";
		};
		8A51DB6E2EF29A4900014350 /* debug */ = {
			isa = PBXGroup;
			children = (
				8A51DB6D2EF29A4900014350 /* sharedKit.xcframework */,
			);
			path = debug;
			sourceTree = "<group>";
		};
		8A51DB702EF29A4900014350 /* release */ = {
			isa = PBXGroup;
			children = (
				8A51DB6F2EF29A4900014350 /* sharedKit.xcframework */,
			);
			path = release;
			sourceTree = "<group>";
		};
		8A51DB712EF29A4900014350 /* XCFrameworks */ = {
			isa = PBXGroup;
			children = (
				8A51DB6E2EF29A4900014350 /* debug */,
				8A51DB702EF29A4900014350 /* release */,
			);
			name = XCFrameworks;
			path = ../shared/build/XCFrameworks;
			sourceTree = "<group>";
		};
		8AA64BE62EF02BD1003B26D2 = {
			isa = PBXGroup;
			children = (
				8AA64C282EF03A75003B26D2 /* KmpFix.xcconfig */,
				8AA64BF12EF02BD1003B26D2 /* iosApp */,
				8AA64C002EF02BD2003B26D2 /* iosAppTests */,
				8AA64C0A2EF02BD2003B26D2 /* iosAppUITests */,
				8A51DB6C2EF29A4900014350 /* Frameworks */,
				8AA64BF02EF02BD1003B26D2 /* Products */,
			);
			sourceTree = "<group>";
		};
		8AA64BF02EF02BD1003B26D2 /* Products */ = {
			isa = PBXGroup;
			children = (
				8AA64BEF2EF02BD1003B26D2 /* iosApp.app */,
				8AA64BFD2EF02BD2003B26D2 /* iosAppTests.xctest */,
				8AA64C072EF02BD2003B26D2 /* iosAppUITests.xctest */,
			);
			name = Products;
			sourceTree = "<group>";
		};
/* End PBXGroup section */

/* Begin PBXNativeTarget section */
		8AA64BEE2EF02BD1003B26D2 /* iosApp */ = {
			isa = PBXNativeTarget;
			buildConfigurationList = 8AA64C112EF02BD2003B26D2 /* Build configuration list for PBXNativeTarget "iosApp" */;
			buildPhases = (
				8AA64BEB2EF02BD1003B26D2 /* Sources */,
				8AA64BEC2EF02BD1003B26D2 /* Frameworks */,
				8AA64BED2EF02BD1003B26D2 /* Resources */,
				8AA64C1A2EF02FC0003B26D2 /* Run Script */,
				8A1D21292F17BC8F005F38CB /* Embed Frameworks */,
			);
			buildRules = (
			);
			dependencies = (
			);
			fileSystemSynchronizedGroups = (
				8AA64BF12EF02BD1003B26D2 /* iosApp */,
			);
			name = iosApp;
			packageProductDependencies = (
			);
			productName = iosApp;
			productReference = 8AA64BEF2EF02BD1003B26D2 /* iosApp.app */;
			productType = "com.apple.product-type.application";
		};
		8AA64BFC2EF02BD2003B26D2 /* iosAppTests */ = {
			isa = PBXNativeTarget;
			buildConfigurationList = 8AA64C142EF02BD2003B26D2 /* Build configuration list for PBXNativeTarget "iosAppTests" */;
			buildPhases = (
				8AA64BF92EF02BD2003B26D2 /* Sources */,
				8AA64BFA2EF02BD2003B26D2 /* Frameworks */,
				8AA64BFB2EF02BD2003B26D2 /* Resources */,
			);
			buildRules = (
			);
			dependencies = (
				8AA64BFF2EF02BD2003B26D2 /* PBXTargetDependency */,
			);
			fileSystemSynchronizedGroups = (
				8AA64C002EF02BD2003B26D2 /* iosAppTests */,
			);
			name = iosAppTests;
			packageProductDependencies = (
			);
			productName = iosAppTests;
			productReference = 8AA64BFD2EF02BD2003B26D2 /* iosAppTests.xctest */;
			productType = "com.apple.product-type.bundle.unit-test";
		};
		8AA64C062EF02BD2003B26D2 /* iosAppUITests */ = {
			isa = PBXNativeTarget;
			buildConfigurationList = 8AA64C172EF02BD2003B26D2 /* Build configuration list for PBXNativeTarget "iosAppUITests" */;
			buildPhases = (
				8AA64C032EF02BD2003B26D2 /* Sources */,
				8AA64C042EF02BD2003B26D2 /* Frameworks */,
				8AA64C052EF02BD2003B26D2 /* Resources */,
			);
			buildRules = (
			);
			dependencies = (
				8AA64C092EF02BD2003B26D2 /* PBXTargetDependency */,
			);
			fileSystemSynchronizedGroups = (
				8AA64C0A2EF02BD2003B26D2 /* iosAppUITests */,
			);
			name = iosAppUITests;
			packageProductDependencies = (
			);
			productName = iosAppUITests;
			productReference = 8AA64C072EF02BD2003B26D2 /* iosAppUITests.xctest */;
			productType = "com.apple.product-type.bundle.ui-testing";
		};
/* End PBXNativeTarget section */

/* Begin PBXProject section */
		8AA64BE72EF02BD1003B26D2 /* Project object */ = {
			isa = PBXProject;
			attributes = {
				BuildIndependentTargetsInParallel = 1;
				LastSwiftUpdateCheck = 1630;
				LastUpgradeCheck = 1630;
				TargetAttributes = {
					8AA64BEE2EF02BD1003B26D2 = {
						CreatedOnToolsVersion = 16.3;
					};
					8AA64BFC2EF02BD2003B26D2 = {
						CreatedOnToolsVersion = 16.3;
						TestTargetID = 8AA64BEE2EF02BD1003B26D2;
					};
					8AA64C062EF02BD2003B26D2 = {
						CreatedOnToolsVersion = 16.3;
						TestTargetID = 8AA64BEE2EF02BD1003B26D2;
					};
				};
			};
			buildConfigurationList = 8AA64BEA2EF02BD1003B26D2 /* Build configuration list for PBXProject "iosApp" */;
			developmentRegion = en;
			hasScannedForEncodings = 0;
			knownRegions = (
				en,
				Base,
			);
			mainGroup = 8AA64BE62EF02BD1003B26D2;
			minimizedProjectReferenceProxies = 1;
			preferredProjectObjectVersion = 77;
			productRefGroup = 8AA64BF02EF02BD1003B26D2 /* Products */;
			projectDirPath = "";
			projectRoot = "";
			targets = (
				8AA64BEE2EF02BD1003B26D2 /* iosApp */,
				8AA64BFC2EF02BD2003B26D2 /* iosAppTests */,
				8AA64C062EF02BD2003B26D2 /* iosAppUITests */,
			);
		};
/* End PBXProject section */

/* Begin PBXResourcesBuildPhase section */
		8AA64BED2EF02BD1003B26D2 /* Resources */ = {
			isa = PBXResourcesBuildPhase;
			buildActionMask = 2147483647;
			files = (
				8AA64C292EF03A75003B26D2 /* KmpFix.xcconfig in Resources */,
			);
			runOnlyForDeploymentPostprocessing = 0;
		};
		8AA64BFB2EF02BD2003B26D2 /* Resources */ = {
			isa = PBXResourcesBuildPhase;
			buildActionMask = 2147483647;
			files = (
			);
			runOnlyForDeploymentPostprocessing = 0;
		};
		8AA64C052EF02BD2003B26D2 /* Resources */ = {
			isa = PBXResourcesBuildPhase;
			buildActionMask = 2147483647;
			files = (
			);
			runOnlyForDeploymentPostprocessing = 0;
		};
/* End PBXResourcesBuildPhase section */

/* Begin PBXShellScriptBuildPhase section */
		8AA64C1A2EF02FC0003B26D2 /* Run Script */ = {
			isa = PBXShellScriptBuildPhase;
			alwaysOutOfDate = 1;
			buildActionMask = 2147483647;
			files = (
			);
			inputFileListPaths = (
			);
			inputPaths = (
			);
			name = "Run Script";
			outputFileListPaths = (
			);
			outputPaths = (
			);
			runOnlyForDeploymentPostprocessing = 0;
			shellPath = /bin/sh;
			shellScript = "cd \"$SRCROOT/..\"\n./gradlew :shared:embedAndSignAppleFrameworkForXcode\n\n";
		};
/* End PBXShellScriptBuildPhase section */

/* Begin PBXSourcesBuildPhase section */
		8AA64BEB2EF02BD1003B26D2 /* Sources */ = {
			isa = PBXSourcesBuildPhase;
			buildActionMask = 2147483647;
			files = (
			);
			runOnlyForDeploymentPostprocessing = 0;
		};
		8AA64BF92EF02BD2003B26D2 /* Sources */ = {
			isa = PBXSourcesBuildPhase;
			buildActionMask = 2147483647;
			files = (
			);
			runOnlyForDeploymentPostprocessing = 0;
		};
		8AA64C032EF02BD2003B26D2 /* Sources */ = {
			isa = PBXSourcesBuildPhase;
			buildActionMask = 2147483647;
			files = (
			);
			runOnlyForDeploymentPostprocessing = 0;
		};
/* End PBXSourcesBuildPhase section */

/* Begin PBXTargetDependency section */
		8AA64BFF2EF02BD2003B26D2 /* PBXTargetDependency */ = {
			isa = PBXTargetDependency;
			target = 8AA64BEE2EF02BD1003B26D2 /* iosApp */;
			targetProxy = 8AA64BFE2EF02BD2003B26D2 /* PBXContainerItemProxy */;
		};
		8AA64C092EF02BD2003B26D2 /* PBXTargetDependency */ = {
			isa = PBXTargetDependency;
			target = 8AA64BEE2EF02BD1003B26D2 /* iosApp */;
			targetProxy = 8AA64C082EF02BD2003B26D2 /* PBXContainerItemProxy */;
		};
/* End PBXTargetDependency section */

/* Begin XCBuildConfiguration section */
		8AA64C0F2EF02BD2003B26D2 /* Debug */ = {
			isa = XCBuildConfiguration;
			buildSettings = {
				ALWAYS_SEARCH_USER_PATHS = NO;
				ASSETCATALOG_COMPILER_GENERATE_SWIFT_ASSET_SYMBOL_EXTENSIONS = YES;
				CLANG_ANALYZER_NONNULL = YES;
				CLANG_ANALYZER_NUMBER_OBJECT_CONVERSION = YES_AGGRESSIVE;
				CLANG_CXX_LANGUAGE_STANDARD = "gnu++20";
				CLANG_ENABLE_MODULES = YES;
				CLANG_ENABLE_OBJC_ARC = YES;
				CLANG_ENABLE_OBJC_WEAK = YES;
				CLANG_WARN_BLOCK_CAPTURE_AUTORELEASING = YES;
				CLANG_WARN_BOOL_CONVERSION = YES;
				CLANG_WARN_COMMA = YES;
				CLANG_WARN_CONSTANT_CONVERSION = YES;
				CLANG_WARN_DEPRECATED_OBJC_IMPLEMENTATIONS = YES;
				CLANG_WARN_DIRECT_OBJC_ISA_USAGE = YES_ERROR;
				CLANG_WARN_DOCUMENTATION_COMMENTS = YES;
				CLANG_WARN_EMPTY_BODY = YES;
				CLANG_WARN_ENUM_CONVERSION = YES;
				CLANG_WARN_INFINITE_RECURSION = YES;
				CLANG_WARN_INT_CONVERSION = YES;
				CLANG_WARN_NON_LITERAL_NULL_CONVERSION = YES;
				CLANG_WARN_OBJC_IMPLICIT_RETAIN_SELF = YES;
				CLANG_WARN_OBJC_LITERAL_CONVERSION = YES;
				CLANG_WARN_OBJC_ROOT_CLASS = YES_ERROR;
				CLANG_WARN_QUOTED_INCLUDE_IN_FRAMEWORK_HEADER = YES;
				CLANG_WARN_RANGE_LOOP_ANALYSIS = YES;
				CLANG_WARN_STRICT_PROTOTYPES = YES;
				CLANG_WARN_SUSPICIOUS_MOVE = YES;
				CLANG_WARN_UNGUARDED_AVAILABILITY = YES_AGGRESSIVE;
				CLANG_WARN_UNREACHABLE_CODE = YES;
				CLANG_WARN__DUPLICATE_METHOD_MATCH = YES;
				COPY_PHASE_STRIP = NO;
				DEBUG_INFORMATION_FORMAT = dwarf;
				DEVELOPMENT_TEAM = GL6V9BHUNP;
				ENABLE_STRICT_OBJC_MSGSEND = YES;
				ENABLE_TESTABILITY = YES;
				ENABLE_USER_SCRIPT_SANDBOXING = NO;
				FRAMEWORK_SEARCH_PATHS = (
					"$(SRCROOT)/../shared/build/bin/iosArm64/debugFramework/**",
					"$(SRCROOT)/../shared/build/bin/iosSimulatorArm64/debugFramework/**",
				);
				GCC_C_LANGUAGE_STANDARD = gnu17;
				GCC_DYNAMIC_NO_PIC = NO;
				GCC_NO_COMMON_BLOCKS = YES;
				GCC_OPTIMIZATION_LEVEL = 0;
				GCC_PREPROCESSOR_DEFINITIONS = (
					"DEBUG=1",
					"$(inherited)",
				);
				GCC_WARN_64_TO_32_BIT_CONVERSION = YES;
				GCC_WARN_ABOUT_RETURN_TYPE = YES_ERROR;
				GCC_WARN_UNDECLARED_SELECTOR = YES;
				GCC_WARN_UNINITIALIZED_AUTOS = YES_AGGRESSIVE;
				GCC_WARN_UNUSED_FUNCTION = YES;
				GCC_WARN_UNUSED_VARIABLE = YES;
				LOCALIZATION_PREFERS_STRING_CATALOGS = YES;
				MTL_ENABLE_DEBUG_INFO = INCLUDE_SOURCE;
				MTL_FAST_MATH = YES;
				ONLY_ACTIVE_ARCH = YES;
				SWIFT_ACTIVE_COMPILATION_CONDITIONS = "DEBUG $(inherited)";
				SWIFT_OPTIMIZATION_LEVEL = "-Onone";
			};
			name = Debug;
		};
		8AA64C102EF02BD2003B26D2 /* Release */ = {
			isa = XCBuildConfiguration;
			buildSettings = {
				ALWAYS_SEARCH_USER_PATHS = NO;
				ASSETCATALOG_COMPILER_GENERATE_SWIFT_ASSET_SYMBOL_EXTENSIONS = YES;
				CLANG_ANALYZER_NONNULL = YES;
				CLANG_ANALYZER_NUMBER_OBJECT_CONVERSION = YES_AGGRESSIVE;
				CLANG_CXX_LANGUAGE_STANDARD = "gnu++20";
				CLANG_ENABLE_MODULES = YES;
				CLANG_ENABLE_OBJC_ARC = YES;
				CLANG_ENABLE_OBJC_WEAK = YES;
				CLANG_WARN_BLOCK_CAPTURE_AUTORELEASING = YES;
				CLANG_WARN_BOOL_CONVERSION = YES;
				CLANG_WARN_COMMA = YES;
				CLANG_WARN_CONSTANT_CONVERSION = YES;
				CLANG_WARN_DEPRECATED_OBJC_IMPLEMENTATIONS = YES;
				CLANG_WARN_DIRECT_OBJC_ISA_USAGE = YES_ERROR;
				CLANG_WARN_DOCUMENTATION_COMMENTS = YES;
				CLANG_WARN_EMPTY_BODY = YES;
				CLANG_WARN_ENUM_CONVERSION = YES;
				CLANG_WARN_INFINITE_RECURSION = YES;
				CLANG_WARN_INT_CONVERSION = YES;
				CLANG_WARN_NON_LITERAL_NULL_CONVERSION = YES;
				CLANG_WARN_OBJC_IMPLICIT_RETAIN_SELF = YES;
				CLANG_WARN_OBJC_LITERAL_CONVERSION = YES;
				CLANG_WARN_OBJC_ROOT_CLASS = YES_ERROR;
				CLANG_WARN_QUOTED_INCLUDE_IN_FRAMEWORK_HEADER = YES;
				CLANG_WARN_RANGE_LOOP_ANALYSIS = YES;
				CLANG_WARN_STRICT_PROTOTYPES = YES;
				CLANG_WARN_SUSPICIOUS_MOVE = YES;
				CLANG_WARN_UNGUARDED_AVAILABILITY = YES_AGGRESSIVE;
				CLANG_WARN_UNREACHABLE_CODE = YES;
				CLANG_WARN__DUPLICATE_METHOD_MATCH = YES;
				COPY_PHASE_STRIP = NO;
				DEBUG_INFORMATION_FORMAT = "dwarf-with-dsym";
				DEVELOPMENT_TEAM = GL6V9BHUNP;
				ENABLE_NS_ASSERTIONS = NO;
				ENABLE_STRICT_OBJC_MSGSEND = YES;
				ENABLE_USER_SCRIPT_SANDBOXING = NO;
				FRAMEWORK_SEARCH_PATHS = "$(SRCROOT)/../shared/build/XCFrameworks/release/**";
				GCC_C_LANGUAGE_STANDARD = gnu17;
				GCC_NO_COMMON_BLOCKS = YES;
				GCC_WARN_64_TO_32_BIT_CONVERSION = YES;
				GCC_WARN_ABOUT_RETURN_TYPE = YES_ERROR;
				GCC_WARN_UNDECLARED_SELECTOR = YES;
				GCC_WARN_UNINITIALIZED_AUTOS = YES_AGGRESSIVE;
				GCC_WARN_UNUSED_FUNCTION = YES;
				GCC_WARN_UNUSED_VARIABLE = YES;
				LOCALIZATION_PREFERS_STRING_CATALOGS = YES;
				MTL_ENABLE_DEBUG_INFO = NO;
				MTL_FAST_MATH = YES;
				SWIFT_COMPILATION_MODE = wholemodule;
			};
			name = Release;
		};
		8AA64C122EF02BD2003B26D2 /* Debug */ = {
			isa = XCBuildConfiguration;
			baseConfigurationReference = 8AA64C282EF03A75003B26D2 /* KmpFix.xcconfig */;
			buildSettings = {
				ASSETCATALOG_COMPILER_APPICON_NAME = AppIcon;
				ASSETCATALOG_COMPILER_GLOBAL_ACCENT_COLOR_NAME = AccentColor;
				CODE_SIGN_ENTITLEMENTS = iosApp/iosApp.entitlements;
				CODE_SIGN_STYLE = Automatic;
				CURRENT_PROJECT_VERSION = 1;
				DEVELOPMENT_TEAM = GL6V9BHUNP;
				ENABLE_HARDENED_RUNTIME = YES;
				ENABLE_PREVIEWS = YES;
				FRAMEWORK_SEARCH_PATHS = (
					"$(SRCROOT)/../shared/build/bin/iosArm64/debugFramework/**",
					"$(SRCROOT)/../shared/build/bin/iosSimulatorArm64/debugFramework/**",
				);
				GENERATE_INFOPLIST_FILE = YES;
				"INFOPLIST_KEY_UIApplicationSceneManifest_Generation[sdk=iphoneos*]" = YES;
				"INFOPLIST_KEY_UIApplicationSceneManifest_Generation[sdk=iphonesimulator*]" = YES;
				"INFOPLIST_KEY_UIApplicationSupportsIndirectInputEvents[sdk=iphoneos*]" = YES;
				"INFOPLIST_KEY_UIApplicationSupportsIndirectInputEvents[sdk=iphonesimulator*]" = YES;
				"INFOPLIST_KEY_UILaunchScreen_Generation[sdk=iphoneos*]" = YES;
				"INFOPLIST_KEY_UILaunchScreen_Generation[sdk=iphonesimulator*]" = YES;
				"INFOPLIST_KEY_UIStatusBarStyle[sdk=iphoneos*]" = UIStatusBarStyleDefault;
				"INFOPLIST_KEY_UIStatusBarStyle[sdk=iphonesimulator*]" = UIStatusBarStyleDefault;
				INFOPLIST_KEY_UISupportedInterfaceOrientations_iPad = "UIInterfaceOrientationPortrait UIInterfaceOrientationPortraitUpsideDown UIInterfaceOrientationLandscapeLeft UIInterfaceOrientationLandscapeRight";
				INFOPLIST_KEY_UISupportedInterfaceOrientations_iPhone = "UIInterfaceOrientationPortrait UIInterfaceOrientationLandscapeLeft UIInterfaceOrientationLandscapeRight";
				IPHONEOS_DEPLOYMENT_TARGET = 18.4;
				LD_RUNPATH_SEARCH_PATHS = "@executable_path/Frameworks";
				"LD_RUNPATH_SEARCH_PATHS[sdk=macosx*]" = "@executable_path/../Frameworks";
				MACOSX_DEPLOYMENT_TARGET = 15.4;
				MARKETING_VERSION = 1.0;
				NEW_SETTING = "";
				PRODUCT_BUNDLE_IDENTIFIER = lincoln4791.iosApp;
				PRODUCT_NAME = "$(TARGET_NAME)";
				REGISTER_APP_GROUPS = YES;
				SDKROOT = auto;
				SUPPORTED_PLATFORMS = "iphoneos iphonesimulator macosx xros xrsimulator";
				SWIFT_EMIT_LOC_STRINGS = YES;
				SWIFT_VERSION = 5.0;
				TARGETED_DEVICE_FAMILY = "1,2,7";
				XROS_DEPLOYMENT_TARGET = 2.4;
			};
			name = Debug;
		};
		8AA64C132EF02BD2003B26D2 /* Release */ = {
			isa = XCBuildConfiguration;
			baseConfigurationReference = 8AA64C282EF03A75003B26D2 /* KmpFix.xcconfig */;
			buildSettings = {
				ASSETCATALOG_COMPILER_APPICON_NAME = AppIcon;
				ASSETCATALOG_COMPILER_GLOBAL_ACCENT_COLOR_NAME = AccentColor;
				CODE_SIGN_ENTITLEMENTS = iosApp/iosApp.entitlements;
				CODE_SIGN_STYLE = Automatic;
				CURRENT_PROJECT_VERSION = 1;
				DEVELOPMENT_TEAM = GL6V9BHUNP;
				ENABLE_HARDENED_RUNTIME = YES;
				ENABLE_PREVIEWS = YES;
				FRAMEWORK_SEARCH_PATHS = "$(SRCROOT)/../shared/build/XCFrameworks/release/**";
				GENERATE_INFOPLIST_FILE = YES;
				"INFOPLIST_KEY_UIApplicationSceneManifest_Generation[sdk=iphoneos*]" = YES;
				"INFOPLIST_KEY_UIApplicationSceneManifest_Generation[sdk=iphonesimulator*]" = YES;
				"INFOPLIST_KEY_UIApplicationSupportsIndirectInputEvents[sdk=iphoneos*]" = YES;
				"INFOPLIST_KEY_UIApplicationSupportsIndirectInputEvents[sdk=iphonesimulator*]" = YES;
				"INFOPLIST_KEY_UILaunchScreen_Generation[sdk=iphoneos*]" = YES;
				"INFOPLIST_KEY_UILaunchScreen_Generation[sdk=iphonesimulator*]" = YES;
				"INFOPLIST_KEY_UIStatusBarStyle[sdk=iphoneos*]" = UIStatusBarStyleDefault;
				"INFOPLIST_KEY_UIStatusBarStyle[sdk=iphonesimulator*]" = UIStatusBarStyleDefault;
				INFOPLIST_KEY_UISupportedInterfaceOrientations_iPad = "UIInterfaceOrientationPortrait UIInterfaceOrientationPortraitUpsideDown UIInterfaceOrientationLandscapeLeft UIInterfaceOrientationLandscapeRight";
				INFOPLIST_KEY_UISupportedInterfaceOrientations_iPhone = "UIInterfaceOrientationPortrait UIInterfaceOrientationLandscapeLeft UIInterfaceOrientationLandscapeRight";
				IPHONEOS_DEPLOYMENT_TARGET = 18.4;
				LD_RUNPATH_SEARCH_PATHS = "@executable_path/Frameworks";
				"LD_RUNPATH_SEARCH_PATHS[sdk=macosx*]" = "@executable_path/../Frameworks";
				MACOSX_DEPLOYMENT_TARGET = 15.4;
				MARKETING_VERSION = 1.0;
				NEW_SETTING = "";
				PRODUCT_BUNDLE_IDENTIFIER = lincoln4791.iosApp;
				PRODUCT_NAME = "$(TARGET_NAME)";
				REGISTER_APP_GROUPS = YES;
				SDKROOT = auto;
				SUPPORTED_PLATFORMS = "iphoneos iphonesimulator macosx xros xrsimulator";
				SWIFT_EMIT_LOC_STRINGS = YES;
				SWIFT_VERSION = 5.0;
				TARGETED_DEVICE_FAMILY = "1,2,7";
				XROS_DEPLOYMENT_TARGET = 2.4;
			};
			name = Release;
		};
		8AA64C152EF02BD2003B26D2 /* Debug */ = {
			isa = XCBuildConfiguration;
			buildSettings = {
				BUNDLE_LOADER = "$(TEST_HOST)";
				CODE_SIGN_STYLE = Automatic;
				CURRENT_PROJECT_VERSION = 1;
				DEVELOPMENT_TEAM = GL6V9BHUNP;
				GENERATE_INFOPLIST_FILE = YES;
				IPHONEOS_DEPLOYMENT_TARGET = 18.4;
				MACOSX_DEPLOYMENT_TARGET = 15.4;
				MARKETING_VERSION = 1.0;
				PRODUCT_BUNDLE_IDENTIFIER = lincoln4791.iosAppTests;
				PRODUCT_NAME = "$(TARGET_NAME)";
				SDKROOT = auto;
				SUPPORTED_PLATFORMS = "iphoneos iphonesimulator macosx xros xrsimulator";
				SWIFT_EMIT_LOC_STRINGS = NO;
				SWIFT_VERSION = 5.0;
				TARGETED_DEVICE_FAMILY = "1,2,7";
				TEST_HOST = "$(BUILT_PRODUCTS_DIR)/iosApp.app/$(BUNDLE_EXECUTABLE_FOLDER_PATH)/iosApp";
				XROS_DEPLOYMENT_TARGET = 2.4;
			};
			name = Debug;
		};
		8AA64C162EF02BD2003B26D2 /* Release */ = {
			isa = XCBuildConfiguration;
			buildSettings = {
				BUNDLE_LOADER = "$(TEST_HOST)";
				CODE_SIGN_STYLE = Automatic;
				CURRENT_PROJECT_VERSION = 1;
				DEVELOPMENT_TEAM = GL6V9BHUNP;
				GENERATE_INFOPLIST_FILE = YES;
				IPHONEOS_DEPLOYMENT_TARGET = 18.4;
				MACOSX_DEPLOYMENT_TARGET = 15.4;
				MARKETING_VERSION = 1.0;
				PRODUCT_BUNDLE_IDENTIFIER = lincoln4791.iosAppTests;
				PRODUCT_NAME = "$(TARGET_NAME)";
				SDKROOT = auto;
				SUPPORTED_PLATFORMS = "iphoneos iphonesimulator macosx xros xrsimulator";
				SWIFT_EMIT_LOC_STRINGS = NO;
				SWIFT_VERSION = 5.0;
				TARGETED_DEVICE_FAMILY = "1,2,7";
				TEST_HOST = "$(BUILT_PRODUCTS_DIR)/iosApp.app/$(BUNDLE_EXECUTABLE_FOLDER_PATH)/iosApp";
				XROS_DEPLOYMENT_TARGET = 2.4;
			};
			name = Release;
		};
		8AA64C182EF02BD2003B26D2 /* Debug */ = {
			isa = XCBuildConfiguration;
			buildSettings = {
				CODE_SIGN_STYLE = Automatic;
				CURRENT_PROJECT_VERSION = 1;
				DEVELOPMENT_TEAM = GL6V9BHUNP;
				GENERATE_INFOPLIST_FILE = YES;
				IPHONEOS_DEPLOYMENT_TARGET = 18.4;
				MACOSX_DEPLOYMENT_TARGET = 15.4;
				MARKETING_VERSION = 1.0;
				PRODUCT_BUNDLE_IDENTIFIER = lincoln4791.iosAppUITests;
				PRODUCT_NAME = "$(TARGET_NAME)";
				SDKROOT = auto;
				SUPPORTED_PLATFORMS = "iphoneos iphonesimulator macosx xros xrsimulator";
				SWIFT_EMIT_LOC_STRINGS = NO;
				SWIFT_VERSION = 5.0;
				TARGETED_DEVICE_FAMILY = "1,2,7";
				TEST_TARGET_NAME = iosApp;
				XROS_DEPLOYMENT_TARGET = 2.4;
			};
			name = Debug;
		};
		8AA64C192EF02BD2003B26D2 /* Release */ = {
			isa = XCBuildConfiguration;
			buildSettings = {
				CODE_SIGN_STYLE = Automatic;
				CURRENT_PROJECT_VERSION = 1;
				DEVELOPMENT_TEAM = GL6V9BHUNP;
				GENERATE_INFOPLIST_FILE = YES;
				IPHONEOS_DEPLOYMENT_TARGET = 18.4;
				MACOSX_DEPLOYMENT_TARGET = 15.4;
				MARKETING_VERSION = 1.0;
				PRODUCT_BUNDLE_IDENTIFIER = lincoln4791.iosAppUITests;
				PRODUCT_NAME = "$(TARGET_NAME)";
				SDKROOT = auto;
				SUPPORTED_PLATFORMS = "iphoneos iphonesimulator macosx xros xrsimulator";
				SWIFT_EMIT_LOC_STRINGS = NO;
				SWIFT_VERSION = 5.0;
				TARGETED_DEVICE_FAMILY = "1,2,7";
				TEST_TARGET_NAME = iosApp;
				XROS_DEPLOYMENT_TARGET = 2.4;
			};
			name = Release;
		};
/* End XCBuildConfiguration section */

/* Begin XCConfigurationList section */
		8AA64BEA2EF02BD1003B26D2 /* Build configuration list for PBXProject "iosApp" */ = {
			isa = XCConfigurationList;
			buildConfigurations = (
				8AA64C0F2EF02BD2003B26D2 /* Debug */,
				8AA64C102EF02BD2003B26D2 /* Release */,
			);
			defaultConfigurationIsVisible = 0;
			defaultConfigurationName = Release;
		};
		8AA64C112EF02BD2003B26D2 /* Build configuration list for PBXNativeTarget "iosApp" */ = {
			isa = XCConfigurationList;
			buildConfigurations = (
				8AA64C122EF02BD2003B26D2 /* Debug */,
				8AA64C132EF02BD2003B26D2 /* Release */,
			);
			defaultConfigurationIsVisible = 0;
			defaultConfigurationName = Release;
		};
		8AA64C142EF02BD2003B26D2 /* Build configuration list for PBXNativeTarget "iosAppTests" */ = {
			isa = XCConfigurationList;
			buildConfigurations = (
				8AA64C152EF02BD2003B26D2 /* Debug */,
				8AA64C162EF02BD2003B26D2 /* Release */,
			);
			defaultConfigurationIsVisible = 0;
			defaultConfigurationName = Release;
		};
		8AA64C172EF02BD2003B26D2 /* Build configuration list for PBXNativeTarget "iosAppUITests" */ = {
			isa = XCConfigurationList;
			buildConfigurations = (
				8AA64C182EF02BD2003B26D2 /* Debug */,
				8AA64C192EF02BD2003B26D2 /* Release */,
			);
			defaultConfigurationIsVisible = 0;
			defaultConfigurationName = Release;
		};
/* End XCConfigurationList section */
	};
	rootObject = 8AA64BE72EF02BD1003B26D2 /* Project object */;
}
